
Microsoft Visual Studio Solution File, Format Version 12.00
# Visual Studio 15
VisualStudioVersion = 15.0.27130.2026
MinimumVisualStudioVersion = 10.0.40219.1
Project("{FAE04EC0-301F-11D3-BF4B-00C04F79EFBC}") = "ClientTCPClient", "ClientTCPClient\ClientTCPClient.csproj", "{C736062F-C28F-4A68-A2CD-05CBF2B9C1E2}"
EndProject
Project("{FAE04EC0-301F-11D3-BF4B-00C04F79EFBC}") = "ClientSocketNetworkStream", "ClientSocketNetworkStream\ClientSocketNetworkStream.csproj", "{D1117015-E0B4-4535-B6FC-D35979EE89DC}"
EndProject
Project("{FAE04EC0-301F-11D3-BF4B-00C04F79EFBC}") = "ClientUdpClient", "ClientUdpClient\ClientUdpClient.csproj", "{055256C4-7CF4-4017-82CC-72A59BCB0B61}"
EndProject
Project("{FAE04EC0-301F-11D3-BF4B-00C04F79EFBC}") = "ClientSocket", "ClientSocket\ClientSocket.csproj", "{9938FB33-2F0B-4CDE-BB1C-9C8A1471FCED}"
EndProject
Project("{FAE04EC0-301F-11D3-BF4B-00C04F79EFBC}") = "server", "server\server.csproj", "{4686C40A-2524-468F-86E4-14FC8255245A}"
EndProject
Project("{FAE04EC0-301F-11D3-BF4B-00C04F79EFBC}") = "ClientBit", "ClientBit\ClientBit.csproj", "{579A471E-72FA-4BE5-9CE6-0E3E2CD32C87}"
EndProject
Global
	GlobalSection(SolutionConfigurationPlatforms) = preSolution
		Debug|Any CPU = Debug|Any CPU
		Debug|x64 = Debug|x64
		Debug|x86 = Debug|x86
		Release|Any CPU = Release|Any CPU
		Release|x64 = Release|x64
		Release|x86 = Release|x86
	EndGlobalSection
	GlobalSection(ProjectConfigurationPlatforms) = postSolution
		{C736062F-C28F-4A68-A2CD-05CBF2B9C1E2}.Debug|Any CPU.ActiveCfg = Debug|Any CPU
		{C736062F-C28F-4A68-A2CD-05CBF2B9C1E2}.Debug|Any CPU.Build.0 = Debug|Any CPU
		{C736062F-C28F-4A68-A2CD-05CBF2B9C1E2}.Debug|x64.ActiveCfg = Debug|Any CPU
		{C736062F-C28F-4A68-A2CD-05CBF2B9C1E2}.Debug|x64.Build.0 = Debug|Any CPU
		{C736062F-C28F-4A68-A2CD-05CBF2B9C1E2}.Debug|x86.ActiveCfg = Debug|Any CPU
		{C736062F-C28F-4A68-A2CD-05CBF2B9C1E2}.Debug|x86.Build.0 = Debug|Any CPU
		{C736062F-C28F-4A68-A2CD-05CBF2B9C1E2}.Release|Any CPU.ActiveCfg = Release|Any CPU
		{C736062F-C28F-4A68-A2CD-05CBF2B9C1E2}.Release|Any CPU.Build.0 = Release|Any CPU
		{C736062F-C28F-4A68-A2CD-05CBF2B9C1E2}.Release|x64.ActiveCfg = Release|Any CPU
		{C736062F-C28F-4A68-A2CD-05CBF2B9C1E2}.Release|x64.Build.0 = Release|Any CPU
		{C736062F-C28F-4A68-A2CD-05CBF2B9C1E2}.Release|x86.ActiveCfg = Release|Any CPU
		{C736062F-C28F-4A68-A2CD-05CBF2B9C1E2}.Release|x86.Build.0 = Release|Any CPU
		{D1117015-E0B4-4535-B6FC-D35979EE89DC}.Debug|Any CPU.ActiveCfg = Debug|Any CPU
		{D1117015-E0B4-4535-B6FC-D35979EE89DC}.Debug|Any CPU.Build.0 = Debug|Any CPU
		{D1117015-E0B4-4535-B6FC-D35979EE89DC}.Debug|x64.ActiveCfg = Debug|Any CPU
		{D1117015-E0B4-4535-B6FC-D35979EE89DC}.Debug|x64.Build.0 = Debug|Any CPU
		{D1117015-E0B4-4535-B6FC-D35979EE89DC}.Debug|x86.ActiveCfg = Debug|Any CPU
		{D1117015-E0B4-4535-B6FC-D35979EE89DC}.Debug|x86.Build.0 = Debug|Any CPU
		{D1117015-E0B4-4535-B6FC-D35979EE89DC}.Release|Any CPU.ActiveCfg = Release|Any CPU
		{D1117015-E0B4-4535-B6FC-D35979EE89DC}.Release|Any CPU.Build.0 = Release|Any CPU
		{D1117015-E0B4-4535-B6FC-D35979EE89DC}.Release|x64.ActiveCfg = Release|Any CPU
		{D1117015-E0B4-4535-B6FC-D35979EE89DC}.Release|x64.Build.0 = Release|Any CPU
		{D1117015-E0B4-4535-B6FC-D35979EE89DC}.Release|x86.ActiveCfg = Release|Any CPU
		{D1117015-E0B4-4535-B6FC-D35979EE89DC}.Release|x86.Build.0 = Release|Any CPU
		{055256C4-7CF4-4017-82CC-72A59BCB0B61}.Debug|Any CPU.ActiveCfg = Debug|Any CPU
		{055256C4-7CF4-4017-82CC-72A59BCB0B61}.Debug|Any CPU.Build.0 = Debug|Any CPU
		{055256C4-7CF4-4017-82CC-72A59BCB0B61}.Debug|x64.ActiveCfg = Debug|Any CPU
		{055256C4-7CF4-4017-82CC-72A59BCB0B61}.Debug|x64.Build.0 = Debug|Any CPU
		{055256C4-7CF4-4017-82CC-72A59BCB0B61}.Debug|x86.ActiveCfg = Debug|Any CPU
		{055256C4-7CF4-4017-82CC-72A59BCB0B61}.Debug|x86.Build.0 = Debug|Any CPU
		{055256C4-7CF4-4017-82CC-72A59BCB0B61}.Release|Any CPU.ActiveCfg = Release|Any CPU
		{055256C4-7CF4-4017-82CC-72A59BCB0B61}.Release|Any CPU.Build.0 = Release|Any CPU
		{055256C4-7CF4-4017-82CC-72A59BCB0B61}.Release|x64.ActiveCfg = Release|Any CPU
		{055256C4-7CF4-4017-82CC-72A59BCB0B61}.Release|x64.Build.0 = Release|Any CPU
		{055256C4-7CF4-4017-82CC-72A59BCB0B61}.Release|x86.ActiveCfg = Release|Any CPU
		{055256C4-7CF4-4017-82CC-72A59BCB0B61}.Release|x86.Build.0 = Release|Any CPU
		{9938FB33-2F0B-4CDE-BB1C-9C8A1471FCED}.Debug|Any CPU.ActiveCfg = Debug|Any CPU
		{9938FB33-2F0B-4CDE-BB1C-9C8A1471FCED}.Debug|Any CPU.Build.0 = Debug|Any CPU
		{9938FB33-2F0B-4CDE-BB1C-9C8A1471FCED}.Debug|x64.ActiveCfg = Debug|Any CPU
		{9938FB33-2F0B-4CDE-BB1C-9C8A1471FCED}.Debug|x64.Build.0 = Debug|Any CPU
		{9938FB33-2F0B-4CDE-BB1C-9C8A1471FCED}.Debug|x86.ActiveCfg = Debug|Any CPU
		{9938FB33-2F0B-4CDE-BB1C-9C8A1471FCED}.Debug|x86.Build.0 = Debug|Any CPU
		{9938FB33-2F0B-4CDE-BB1C-9C8A1471FCED}.Release|Any CPU.ActiveCfg = Release|Any CPU
		{9938FB33-2F0B-4CDE-BB1C-9C8A1471FCED}.Release|Any CPU.Build.0 = Release|Any CPU
		{9938FB33-2F0B-4CDE-BB1C-9C8A1471FCED}.Release|x64.ActiveCfg = Release|Any CPU
		{9938FB33-2F0B-4CDE-BB1C-9C8A1471FCED}.Release|x64.Build.0 = Release|Any CPU
		{9938FB33-2F0B-4CDE-BB1C-9C8A1471FCED}.Release|x86.ActiveCfg = Release|Any CPU
		{9938FB33-2F0B-4CDE-BB1C-9C8A1471FCED}.Release|x86.Build.0 = Release|Any CPU
		{4686C40A-2524-468F-86E4-14FC8255245A}.Debug|Any CPU.ActiveCfg = Debug|Any CPU
		{4686C40A-2524-468F-86E4-14FC8255245A}.Debug|Any CPU.Build.0 = Debug|Any CPU
		{4686C40A-2524-468F-86E4-14FC8255245A}.Debug|x64.ActiveCfg = Debug|Any CPU
		{4686C40A-2524-468F-86E4-14FC8255245A}.Debug|x64.Build.0 = Debug|Any CPU
		{4686C40A-2524-468F-86E4-14FC8255245A}.Debug|x86.ActiveCfg = Debug|Any CPU
		{4686C40A-2524-468F-86E4-14FC8255245A}.Debug|x86.Build.0 = Debug|Any CPU
		{4686C40A-2524-468F-86E4-14FC8255245A}.Release|Any CPU.ActiveCfg = Release|Any CPU
		{4686C40A-2524-468F-86E4-14FC8255245A}.Release|Any CPU.Build.0 = Release|Any CPU
		{4686C40A-2524-468F-86E4-14FC8255245A}.Release|x64.ActiveCfg = Release|Any CPU
		{4686C40A-2524-468F-86E4-14FC8255245A}.Release|x64.Build.0 = Release|Any CPU
		{4686C40A-2524-468F-86E4-14FC8255245A}.Release|x86.ActiveCfg = Release|Any CPU
		{4686C40A-2524-468F-86E4-14FC8255245A}.Release|x86.Build.0 = Release|Any CPU
		{579A471E-72FA-4BE5-9CE6-0E3E2CD32C87}.Debug|Any CPU.ActiveCfg = Debug|Any CPU
		{579A471E-72FA-4BE5-9CE6-0E3E2CD32C87}.Debug|Any CPU.Build.0 = Debug|Any CPU
		{579A471E-72FA-4BE5-9CE6-0E3E2CD32C87}.Debug|x64.ActiveCfg = Debug|Any CPU
		{579A471E-72FA-4BE5-9CE6-0E3E2CD32C87}.Debug|x64.Build.0 = Debug|Any CPU
		{579A471E-72FA-4BE5-9CE6-0E3E2CD32C87}.Debug|x86.ActiveCfg = Debug|Any CPU
		{579A471E-72FA-4BE5-9CE6-0E3E2CD32C87}.Debug|x86.Build.0 = Debug|Any CPU
		{579A471E-72FA-4BE5-9CE6-0E3E2CD32C87}.Release|Any CPU.ActiveCfg = Release|Any CPU
		{579A471E-72FA-4BE5-9CE6-0E3E2CD32C87}.Release|Any CPU.Build.0 = Release|Any CPU
		{579A471E-72FA-4BE5-9CE6-0E3E2CD32C87}.Release|x64.ActiveCfg = Release|Any CPU
		{579A471E-72FA-4BE5-9CE6-0E3E2CD32C87}.Release|x64.Build.0 = Release|Any CPU
		{579A471E-72FA-4BE5-9CE6-0E3E2CD32C87}.Release|x86.ActiveCfg = Release|Any CPU
		{579A471E-72FA-4BE5-9CE6-0E3E2CD32C87}.Release|x86.Build.0 = Release|Any CPU
	EndGlobalSection
	GlobalSection(SolutionProperties) = preSolution
		HideSolutionNode = FALSE
	EndGlobalSection
	GlobalSection(ExtensibilityGlobals) = postSolution
		SolutionGuid = {3BF94FB6-A3CE-4713-B04A-10CE135F2B34}
	EndGlobalSection
EndGlobal
